{
  "object": {
    "pins": [
      {
        "package": "KeychainAccess",
        "repositoryURL": "https://github.com/kishikawakatsumi/KeychainAccess",
        "state": {
          "branch": null,
          "revision": "84e546727d66f1adc5439debad16270d0fdd04e7",
          "version": "4.2.2"
        }
      },
      {
        "package": "OAuthenticator",
        "repositoryURL": "https://github.com/stacksift/OAuthenticator",
        "state": {
          "branch": null,
          "revision": "e5102798337689d01b62ba6c47dbf93e8e12cea6",
          "version": "0.1.2"
        }
      },
      {
        "package": "OperationPlus",
        "repositoryURL": "https://github.com/ChimeHQ/OperationPlus",
        "state": {
          "branch": null,
          "revision": "bb81e4f1bb017edcd1307f950e011d1f4b1ea3a6",
          "version": "1.5.2"
        }
      },
      {
        "package": "ViewPlus",
        "repositoryURL": "https://github.com/ChimeHQ/ViewPlus",
        "state": {
          "branch": null,
          "revision": "eca8a1df44b05359ce4d9699533bebd8709a5f7f",
          "version": "1.1.0"
        }
      }
    ]
  },
  "version": 1
}
